
Microsoft Visual Studio Solution File, Format Version 12.00
# Visual Studio Version 16
VisualStudioVersion = 16.0.31424.327
MinimumVisualStudioVersion = 10.0.40219.1
Project("{FAE04EC0-301F-11D3-BF4B-00C04F79EFBC}") = "AzureEventHubToNoSQLDB", "AzureEventHubToSQL\AzureEventHubToNoSQLDB.csproj", "{3E98A1D0-FE07-4872-AC4E-EFE6F5666043}"
EndProject
Global
	GlobalSection(SolutionConfigurationPlatforms) = preSolution
		Debug|Any CPU = Debug|Any CPU
		Release|Any CPU = Release|Any CPU
	EndGlobalSection
	GlobalSection(ProjectConfigurationPlatforms) = postSolution
		{3E98A1D0-FE07-4872-AC4E-EFE6F5666043}.Debug|Any CPU.ActiveCfg = Debug|Any CPU
		{3E98A1D0-FE07-4872-AC4E-EFE6F5666043}.Debug|Any CPU.Build.0 = Debug|Any CPU
		{3E98A1D0-FE07-4872-AC4E-EFE6F5666043}.Release|Any CPU.ActiveCfg = Release|Any CPU
		{3E98A1D0-FE07-4872-AC4E-EFE6F5666043}.Release|Any CPU.Build.0 = Release|Any CPU
	EndGlobalSection
	GlobalSection(SolutionProperties) = preSolution
		HideSolutionNode = FALSE
	EndGlobalSection
	GlobalSection(ExtensibilityGlobals) = postSolution
		SolutionGuid = {A135D4BF-F1B6-4A8D-823E-206311B5573E}
	EndGlobalSection
EndGlobal
